
Microsoft Visual Studio Solution File, Format Version 12.00
# Visual Studio Version 17
VisualStudioVersion = 17.0.31912.275
MinimumVisualStudioVersion = 10.0.40219.1
Project("{FAE04EC0-301F-11D3-BF4B-00C04F79EFBC}") = "CDN", "CDN.csproj", "{1BC2D16F-C91C-48DD-872E-B3B0E3ED9330}"
EndProject
Global
	GlobalSection(SolutionConfigurationPlatforms) = preSolution
		Debug|Any CPU = Debug|Any CPU
		Release|Any CPU = Release|Any CPU
	EndGlobalSection
	GlobalSection(ProjectConfigurationPlatforms) = postSolution
		{1BC2D16F-C91C-48DD-872E-B3B0E3ED9330}.Debug|Any CPU.ActiveCfg = Debug|Any CPU
		{1BC2D16F-C91C-48DD-872E-B3B0E3ED9330}.Debug|Any CPU.Build.0 = Debug|Any CPU
		{1BC2D16F-C91C-48DD-872E-B3B0E3ED9330}.Release|Any CPU.ActiveCfg = Release|Any CPU
		{1BC2D16F-C91C-48DD-872E-B3B0E3ED9330}.Release|Any CPU.Build.0 = Release|Any CPU
	EndGlobalSection
	GlobalSection(SolutionProperties) = preSolution
		HideSolutionNode = FALSE
	EndGlobalSection
	GlobalSection(ExtensibilityGlobals) = postSolution
		SolutionGuid = {7A82AFA7-3177-428B-9AC9-23C4CD24264F}
	EndGlobalSection
EndGlobal
